
Microsoft Visual Studio Solution File, Format Version 12.00
# Visual Studio 15
Project("{FAE04EC0-301F-11D3-BF4B-00C04F79EFBC}") = "ATMFinalProject", "ATMFinalProject\ATMFinalProject.csproj", "{5A02365A-7CB9-4592-A889-FA65BD054D6F}"
EndProject
Global
	GlobalSection(SolutionConfigurationPlatforms) = preSolution
		Debug|anycpu = Debug|anycpu
		Release|anycpu = Release|anycpu
	EndGlobalSection
	GlobalSection(ProjectConfigurationPlatforms) = postSolution
		{5A02365A-7CB9-4592-A889-FA65BD054D6F}.Debug|anycpu.ActiveCfg = Debug|anycpu
		{5A02365A-7CB9-4592-A889-FA65BD054D6F}.Debug|anycpu.Build.0 = Debug|anycpu
		{5A02365A-7CB9-4592-A889-FA65BD054D6F}.Release|anycpu.ActiveCfg = Release|anycpu
		{5A02365A-7CB9-4592-A889-FA65BD054D6F}.Release|anycpu.Build.0 = Release|anycpu
	EndGlobalSection
EndGlobal
