
Microsoft Visual Studio Solution File, Format Version 12.00
# Visual Studio Version 16
VisualStudioVersion = 16.0.29509.3
MinimumVisualStudioVersion = 10.0.40219.1
Project("{FAE04EC0-301F-11D3-BF4B-00C04F79EFBC}") = "ATMTest", "ATMTest\ATMTest.csproj", "{52B5823C-3A77-4C81-B060-43614B938226}"
EndProject
Global
	GlobalSection(SolutionConfigurationPlatforms) = preSolution
		Debug|Any CPU = Debug|Any CPU
		Release|Any CPU = Release|Any CPU
	EndGlobalSection
	GlobalSection(ProjectConfigurationPlatforms) = postSolution
		{52B5823C-3A77-4C81-B060-43614B938226}.Debug|Any CPU.ActiveCfg = Debug|Any CPU
		{52B5823C-3A77-4C81-B060-43614B938226}.Debug|Any CPU.Build.0 = Debug|Any CPU
		{52B5823C-3A77-4C81-B060-43614B938226}.Release|Any CPU.ActiveCfg = Release|Any CPU
		{52B5823C-3A77-4C81-B060-43614B938226}.Release|Any CPU.Build.0 = Release|Any CPU
	EndGlobalSection
	GlobalSection(SolutionProperties) = preSolution
		HideSolutionNode = FALSE
	EndGlobalSection
	GlobalSection(ExtensibilityGlobals) = postSolution
		SolutionGuid = {ED1CE97F-C6A9-46D7-9FAD-672E424731D1}
	EndGlobalSection
EndGlobal
